
Microsoft Visual Studio Solution File, Format Version 12.00
# Visual Studio 15
VisualStudioVersion = 15.0.27130.2024
MinimumVisualStudioVersion = 10.0.40219.1
Project("{FAE04EC0-301F-11D3-BF4B-00C04F79EFBC}") = "KittyManga", "KittyManga\KittyManga.csproj", "{78DF5371-E96E-4804-8AD7-288EAD4A80D1}"
EndProject
Global
	GlobalSection(SolutionConfigurationPlatforms) = preSolution
		Debug|Any CPU = Debug|Any CPU
		Release|Any CPU = Release|Any CPU
	EndGlobalSection
	GlobalSection(ProjectConfigurationPlatforms) = postSolution
		{78DF5371-E96E-4804-8AD7-288EAD4A80D1}.Debug|Any CPU.ActiveCfg = Debug|Any CPU
		{78DF5371-E96E-4804-8AD7-288EAD4A80D1}.Debug|Any CPU.Build.0 = Debug|Any CPU
		{78DF5371-E96E-4804-8AD7-288EAD4A80D1}.Release|Any CPU.ActiveCfg = Release|Any CPU
		{78DF5371-E96E-4804-8AD7-288EAD4A80D1}.Release|Any CPU.Build.0 = Release|Any CPU
	EndGlobalSection
	GlobalSection(SolutionProperties) = preSolution
		HideSolutionNode = FALSE
	EndGlobalSection
	GlobalSection(ExtensibilityGlobals) = postSolution
		SolutionGuid = {793ED269-1F87-4CA4-A1B2-93E412273735}
	EndGlobalSection
EndGlobal
